
Microsoft Visual Studio Solution File, Format Version 12.00
# Visual Studio 15
VisualStudioVersion = 15.0.28307.1145
MinimumVisualStudioVersion = 10.0.40219.1
Project("{F184B08F-C81C-45F6-A57F-5ABD9991F28F}") = "FrmPaciente", "CapaDePresentacion\FrmPaciente.vbproj", "{FEA6CB43-FFFF-4B5F-AAB3-C1B243179745}"
EndProject
Project("{F184B08F-C81C-45F6-A57F-5ABD9991F28F}") = "CapaDeNegocio", "CapaDeNegocio\CapaDeNegocio.vbproj", "{997A5A6D-C7FC-4E6C-AD76-1E16B593760B}"
EndProject
Project("{F184B08F-C81C-45F6-A57F-5ABD9991F28F}") = "CapaDeDatos", "CapaDeDatos\CapaDeDatos.vbproj", "{6BCAA722-E86E-4271-82FD-A54A1FE72579}"
EndProject
Project("{F184B08F-C81C-45F6-A57F-5ABD9991F28F}") = "CapaPresentacionGestion", "CapaPresentacionGestion\CapaPresentacionGestion.vbproj", "{06765AA8-13AE-440D-87CD-CA364A99BAD1}"
	ProjectSection(ProjectDependencies) = postProject
		{997A5A6D-C7FC-4E6C-AD76-1E16B593760B} = {997A5A6D-C7FC-4E6C-AD76-1E16B593760B}
	EndProjectSection
EndProject
Global
	GlobalSection(SolutionConfigurationPlatforms) = preSolution
		Debug|Any CPU = Debug|Any CPU
		Release|Any CPU = Release|Any CPU
	EndGlobalSection
	GlobalSection(ProjectConfigurationPlatforms) = postSolution
		{FEA6CB43-FFFF-4B5F-AAB3-C1B243179745}.Debug|Any CPU.ActiveCfg = Debug|Any CPU
		{FEA6CB43-FFFF-4B5F-AAB3-C1B243179745}.Debug|Any CPU.Build.0 = Debug|Any CPU
		{FEA6CB43-FFFF-4B5F-AAB3-C1B243179745}.Release|Any CPU.ActiveCfg = Release|Any CPU
		{FEA6CB43-FFFF-4B5F-AAB3-C1B243179745}.Release|Any CPU.Build.0 = Release|Any CPU
		{997A5A6D-C7FC-4E6C-AD76-1E16B593760B}.Debug|Any CPU.ActiveCfg = Debug|Any CPU
		{997A5A6D-C7FC-4E6C-AD76-1E16B593760B}.Debug|Any CPU.Build.0 = Debug|Any CPU
		{997A5A6D-C7FC-4E6C-AD76-1E16B593760B}.Release|Any CPU.ActiveCfg = Release|Any CPU
		{997A5A6D-C7FC-4E6C-AD76-1E16B593760B}.Release|Any CPU.Build.0 = Release|Any CPU
		{6BCAA722-E86E-4271-82FD-A54A1FE72579}.Debug|Any CPU.ActiveCfg = Debug|Any CPU
		{6BCAA722-E86E-4271-82FD-A54A1FE72579}.Debug|Any CPU.Build.0 = Debug|Any CPU
		{6BCAA722-E86E-4271-82FD-A54A1FE72579}.Release|Any CPU.ActiveCfg = Release|Any CPU
		{6BCAA722-E86E-4271-82FD-A54A1FE72579}.Release|Any CPU.Build.0 = Release|Any CPU
		{06765AA8-13AE-440D-87CD-CA364A99BAD1}.Debug|Any CPU.ActiveCfg = Debug|Any CPU
		{06765AA8-13AE-440D-87CD-CA364A99BAD1}.Debug|Any CPU.Build.0 = Debug|Any CPU
		{06765AA8-13AE-440D-87CD-CA364A99BAD1}.Release|Any CPU.ActiveCfg = Release|Any CPU
		{06765AA8-13AE-440D-87CD-CA364A99BAD1}.Release|Any CPU.Build.0 = Release|Any CPU
	EndGlobalSection
	GlobalSection(SolutionProperties) = preSolution
		HideSolutionNode = FALSE
	EndGlobalSection
	GlobalSection(ExtensibilityGlobals) = postSolution
		SolutionGuid = {31882DE3-3605-4ECE-AC75-E41754E62180}
	EndGlobalSection
EndGlobal
